
Microsoft Visual Studio Solution File, Format Version 12.00
# Visual Studio Version 16
VisualStudioVersion = 16.0.29613.14
MinimumVisualStudioVersion = 10.0.40219.1
Project("{9A19103F-16F7-4668-BE54-9A1E7A4F7556}") = "GanzAdmin", "GanzAdmin\GanzAdmin.csproj", "{7727429D-EC11-42AE-B4EC-C480F8BC5742}"
EndProject
Project("{9A19103F-16F7-4668-BE54-9A1E7A4F7556}") = "GanzAdmin.Database", "GanzAdmin.Database\GanzAdmin.Database.csproj", "{5DA2E70B-E684-4498-88B8-13E41C4409B6}"
EndProject
Project("{9A19103F-16F7-4668-BE54-9A1E7A4F7556}") = "GanzAdmin.Utils", "GanzAdmin.Utils\GanzAdmin.Utils.csproj", "{D1F42547-121E-4624-A199-66BFF21EA2F5}"
EndProject
Project("{2150E333-8FDC-42A3-9474-1A3956D46DE8}") = "Solution Items", "Solution Items", "{8A98D0FC-8F47-4B68-9978-AAD60DBC3406}"
	ProjectSection(SolutionItems) = preProject
		TODO.txt = TODO.txt
	EndProjectSection
EndProject
Global
	GlobalSection(SolutionConfigurationPlatforms) = preSolution
		Debug|Any CPU = Debug|Any CPU
		Release|Any CPU = Release|Any CPU
	EndGlobalSection
	GlobalSection(ProjectConfigurationPlatforms) = postSolution
		{7727429D-EC11-42AE-B4EC-C480F8BC5742}.Debug|Any CPU.ActiveCfg = Debug|Any CPU
		{7727429D-EC11-42AE-B4EC-C480F8BC5742}.Debug|Any CPU.Build.0 = Debug|Any CPU
		{7727429D-EC11-42AE-B4EC-C480F8BC5742}.Release|Any CPU.ActiveCfg = Release|Any CPU
		{7727429D-EC11-42AE-B4EC-C480F8BC5742}.Release|Any CPU.Build.0 = Release|Any CPU
		{5DA2E70B-E684-4498-88B8-13E41C4409B6}.Debug|Any CPU.ActiveCfg = Debug|Any CPU
		{5DA2E70B-E684-4498-88B8-13E41C4409B6}.Debug|Any CPU.Build.0 = Debug|Any CPU
		{5DA2E70B-E684-4498-88B8-13E41C4409B6}.Release|Any CPU.ActiveCfg = Release|Any CPU
		{5DA2E70B-E684-4498-88B8-13E41C4409B6}.Release|Any CPU.Build.0 = Release|Any CPU
		{D1F42547-121E-4624-A199-66BFF21EA2F5}.Debug|Any CPU.ActiveCfg = Debug|Any CPU
		{D1F42547-121E-4624-A199-66BFF21EA2F5}.Debug|Any CPU.Build.0 = Debug|Any CPU
		{D1F42547-121E-4624-A199-66BFF21EA2F5}.Release|Any CPU.ActiveCfg = Release|Any CPU
		{D1F42547-121E-4624-A199-66BFF21EA2F5}.Release|Any CPU.Build.0 = Release|Any CPU
	EndGlobalSection
	GlobalSection(SolutionProperties) = preSolution
		HideSolutionNode = FALSE
	EndGlobalSection
	GlobalSection(ExtensibilityGlobals) = postSolution
		SolutionGuid = {E749833F-B1B5-4CA4-88B1-B28F67E18BF2}
	EndGlobalSection
EndGlobal
